Microsoft Visual Studio Solution File, Format Version 12.00
# Visual Studio 2013
VisualStudioVersion = 12.0.30723.0
MinimumVisualStudioVersion = 10.0.40219.1
Project("{8BC9CEB8-8B4A-11D0-8D11-00A0C91BC942}") = "FSnap", "FSnap.vcxproj", "{B1FD2C69-0751-4EE8-B822-A862EE245CDF}"
EndProject
Project("{8BC9CEB8-8B4A-11D0-8D11-00A0C91BC942}") = "FreeSnap", "FreeSnap.vcxproj", "{5C4FBB2A-CD58-4D4A-A34E-D69B7CD580BF}"
EndProject
Project("{8BC9CEB8-8B4A-11D0-8D11-00A0C91BC942}") = "Donate", "Donate\Donate.vcxproj", "{7A1E9417-151D-4A25-995C-E2F33E045B2F}"
EndProject
Global
	GlobalSection(SolutionConfigurationPlatforms) = preSolution
		Debug|Win32 = Debug|Win32
		Debug|x64 = Debug|x64
		Release|Win32 = Release|Win32
		Release|x64 = Release|x64
	EndGlobalSection
	GlobalSection(ProjectConfigurationPlatforms) = postSolution
		{B1FD2C69-0751-4EE8-B822-A862EE245CDF}.Debug|Win32.ActiveCfg = Debug|Win32
		{B1FD2C69-0751-4EE8-B822-A862EE245CDF}.Debug|Win32.Build.0 = Debug|Win32
		{B1FD2C69-0751-4EE8-B822-A862EE245CDF}.Debug|x64.ActiveCfg = Debug|x64
		{B1FD2C69-0751-4EE8-B822-A862EE245CDF}.Debug|x64.Build.0 = Debug|x64
		{B1FD2C69-0751-4EE8-B822-A862EE245CDF}.Release|Win32.ActiveCfg = Release|Win32
		{B1FD2C69-0751-4EE8-B822-A862EE245CDF}.Release|Win32.Build.0 = Release|Win32
		{B1FD2C69-0751-4EE8-B822-A862EE245CDF}.Release|x64.ActiveCfg = Release|x64
		{B1FD2C69-0751-4EE8-B822-A862EE245CDF}.Release|x64.Build.0 = Release|x64
		{5C4FBB2A-CD58-4D4A-A34E-D69B7CD580BF}.Debug|Win32.ActiveCfg = Debug|Win32
		{5C4FBB2A-CD58-4D4A-A34E-D69B7CD580BF}.Debug|Win32.Build.0 = Debug|Win32
		{5C4FBB2A-CD58-4D4A-A34E-D69B7CD580BF}.Debug|x64.ActiveCfg = Debug|x64
		{5C4FBB2A-CD58-4D4A-A34E-D69B7CD580BF}.Debug|x64.Build.0 = Debug|x64
		{5C4FBB2A-CD58-4D4A-A34E-D69B7CD580BF}.Release|Win32.ActiveCfg = Release|Win32
		{5C4FBB2A-CD58-4D4A-A34E-D69B7CD580BF}.Release|Win32.Build.0 = Release|Win32
		{5C4FBB2A-CD58-4D4A-A34E-D69B7CD580BF}.Release|x64.ActiveCfg = Release|x64
		{5C4FBB2A-CD58-4D4A-A34E-D69B7CD580BF}.Release|x64.Build.0 = Release|x64
		{7A1E9417-151D-4A25-995C-E2F33E045B2F}.Debug|Win32.ActiveCfg = Debug|Win32
		{7A1E9417-151D-4A25-995C-E2F33E045B2F}.Debug|Win32.Build.0 = Debug|Win32
		{7A1E9417-151D-4A25-995C-E2F33E045B2F}.Debug|x64.ActiveCfg = Debug|x64
		{7A1E9417-151D-4A25-995C-E2F33E045B2F}.Debug|x64.Build.0 = Debug|x64
		{7A1E9417-151D-4A25-995C-E2F33E045B2F}.Release|Win32.ActiveCfg = Release|Win32
		{7A1E9417-151D-4A25-995C-E2F33E045B2F}.Release|Win32.Build.0 = Release|Win32
		{7A1E9417-151D-4A25-995C-E2F33E045B2F}.Release|x64.ActiveCfg = Release|x64
		{7A1E9417-151D-4A25-995C-E2F33E045B2F}.Release|x64.Build.0 = Release|x64
	EndGlobalSection
	GlobalSection(SolutionProperties) = preSolution
		HideSolutionNode = FALSE
	EndGlobalSection
	GlobalSection(SubversionScc) = preSolution
		Svn-Managed = True
		Manager = AnkhSVN - Subversion Support for Visual Studio
	EndGlobalSection
EndGlobal
